// !$*UTF8*$!
{
	archiveVersion = 1;
	classes = {
	};
	objectVersion = 56;
	objects = {

/* Begin PBXBuildFile section */
		75E3B6442CF0C41E005BE942 /* Nipuna_QuizApp.swift in Sources */ = {isa = PBXBuildFile; fileRef = 75E3B6432CF0C41E005BE942 /* Nipuna_QuizApp.swift */; };
		75E3B6462CF0C41E005BE942 /* ContentView.swift in Sources */ = {isa = PBXBuildFile; fileRef = 75E3B6452CF0C41E005BE942 /* ContentView.swift */; };
		75E3B6482CF0C41F005BE942 /* Assets.xcassets in Resources */ = {isa = PBXBuildFile; fileRef = 75E3B6472CF0C41F005BE942 /* Assets.xcassets */; };
		75E3B64B2CF0C41F005BE942 /* Preview Assets.xcassets in Resources */ = {isa = PBXBuildFile; fileRef = 75E3B64A2CF0C41F005BE942 /* Preview Assets.xcassets */; };
		75E3B6522CF0C456005BE942 /* QuizData.swift in Sources */ = {isa = PBXBuildFile; fileRef = 75E3B6512CF0C456005BE942 /* QuizData.swift */; };
		75E3B6542CF0C531005BE942 /* QuizView.swift in Sources */ = {isa = PBXBuildFile; fileRef = 75E3B6532CF0C531005BE942 /* QuizView.swift */; };
		75E3B6562CF0C6B6005BE942 /* SplashView.swift in Sources */ = {isa = PBXBuildFile; fileRef = 75E3B6552CF0C6B6005BE942 /* SplashView.swift */; };
		75E3B6622CF0D13C005BE942 /* splash.jpeg in Resources */ = {isa = PBXBuildFile; fileRef = 75E3B6612CF0D13C005BE942 /* splash.jpeg */; };
/* End PBXBuildFile section */

/* Begin PBXFileReference section */
		75E3B6402CF0C41E005BE942 /* Nipuna_Quiz.app */ = {isa = PBXFileReference; explicitFileType = wrapper.application; includeInIndex = 0; path = Nipuna_Quiz.app; sourceTree = BUILT_PRODUCTS_DIR; };
		75E3B6432CF0C41E005BE942 /* Nipuna_QuizApp.swift */ = {isa = PBXFileReference; lastKnownFileType = sourcecode.swift; path = Nipuna_QuizApp.swift; sourceTree = "<group>"; };
		75E3B6452CF0C41E005BE942 /* ContentView.swift */ = {isa = PBXFileReference; lastKnownFileType = sourcecode.swift; path = ContentView.swift; sourceTree = "<group>"; };
		75E3B6472CF0C41F005BE942 /* Assets.xcassets */ = {isa = PBXFileReference; lastKnownFileType = folder.assetcatalog; path = Assets.xcassets; sourceTree = "<group>"; };
		75E3B64A2CF0C41F005BE942 /* Preview Assets.xcassets */ = {isa = PBXFileReference; lastKnownFileType = folder.assetcatalog; path = "Preview Assets.xcassets"; sourceTree = "<group>"; };
		75E3B6512CF0C456005BE942 /* QuizData.swift */ = {isa = PBXFileReference; lastKnownFileType = sourcecode.swift; path = QuizData.swift; sourceTree = "<group>"; };
		75E3B6532CF0C531005BE942 /* QuizView.swift */ = {isa = PBXFileReference; lastKnownFileType = sourcecode.swift; path = QuizView.swift; sourceTree = "<group>"; };
		75E3B6552CF0C6B6005BE942 /* SplashView.swift */ = {isa = PBXFileReference; lastKnownFileType = sourcecode.swift; path = SplashView.swift; sourceTree = "<group>"; };
		75E3B6612CF0D13C005BE942 /* splash.jpeg */ = {isa = PBXFileReference; lastKnownFileType = image.jpeg; path = splash.jpeg; sourceTree = "<group>"; };
/* End PBXFileReference section */

/* Begin PBXFrameworksBuildPhase section */
		75E3B63D2CF0C41E005BE942 /* Frameworks */ = {
			isa = PBXFrameworksBuildPhase;
			buildActionMask = 2147483647;
			files = (
			);
			runOnlyForDeploymentPostprocessing = 0;
		};
/* End PBXFrameworksBuildPhase section */

/* Begin PBXGroup section */
		75E3B6372CF0C41E005BE942 = {
			isa = PBXGroup;
			children = (
				75E3B6422CF0C41E005BE942 /* Nipuna_Quiz */,
				75E3B6412CF0C41E005BE942 /* Products */,
			);
			sourceTree = "<group>";
		};
		75E3B6412CF0C41E005BE942 /* Products */ = {
			isa = PBXGroup;
			children = (
				75E3B6402CF0C41E005BE942 /* Nipuna_Quiz.app */,
			);
			name = Products;
			sourceTree = "<group>";
		};
		75E3B6422CF0C41E005BE942 /* Nipuna_Quiz */ = {
			isa = PBXGroup;
			children = (
				75E3B6532CF0C531005BE942 /* QuizView.swift */,
				75E3B6432CF0C41E005BE942 /* Nipuna_QuizApp.swift */,
				75E3B6452CF0C41E005BE942 /* ContentView.swift */,
				75E3B6472CF0C41F005BE942 /* Assets.xcassets */,
				75E3B6492CF0C41F005BE942 /* Preview Content */,
				75E3B6512CF0C456005BE942 /* QuizData.swift */,
				75E3B6552CF0C6B6005BE942 /* SplashView.swift */,
				75E3B6612CF0D13C005BE942 /* splash.jpeg */,
			);
			path = Nipuna_Quiz;
			sourceTree = "<group>";
		};
		75E3B6492CF0C41F005BE942 /* Preview Content */ = {
			isa = PBXGroup;
			children = (
				75E3B64A2CF0C41F005BE942 /* Preview Assets.xcassets */,
			);
			path = "Preview Content";
			sourceTree = "<group>";
		};
/* End PBXGroup section */

/* Begin PBXNativeTarget section */
		75E3B63F2CF0C41E005BE942 /* Nipuna_Quiz */ = {
			isa = PBXNativeTarget;
			buildConfigurationList = 75E3B64E2CF0C41F005BE942 /* Build configuration list for PBXNativeTarget "Nipuna_Quiz" */;
			buildPhases = (
				75E3B63C2CF0C41E005BE942 /* Sources */,
				75E3B63D2CF0C41E005BE942 /* Frameworks */,
				75E3B63E2CF0C41E005BE942 /* Resources */,
			);
			buildRules = (
			);
			dependencies = (
			);
			name = Nipuna_Quiz;
			productName = Nipuna_Quiz;
			productReference = 75E3B6402CF0C41E005BE942 /* Nipuna_Quiz.app */;
			productType = "com.apple.product-type.application";
		};
/* End PBXNativeTarget section */

/* Begin PBXProject section */
		75E3B6382CF0C41E005BE942 /* Project object */ = {
			isa = PBXProject;
			attributes = {
				BuildIndependentTargetsInParallel = 1;
				LastSwiftUpdateCheck = 1520;
				LastUpgradeCheck = 1520;
				TargetAttributes = {
					75E3B63F2CF0C41E005BE942 = {
						CreatedOnToolsVersion = 15.2;
					};
				};
			};
			buildConfigurationList = 75E3B63B2CF0C41E005BE942 /* Build configuration list for PBXProject "Nipuna_Quiz" */;
			compatibilityVersion = "Xcode 14.0";
			developmentRegion = en;
			hasScannedForEncodings = 0;
			knownRegions = (
				en,
				Base,
			);
			mainGroup = 75E3B6372CF0C41E005BE942;
			productRefGroup = 75E3B6412CF0C41E005BE942 /* Products */;
			projectDirPath = "";
			projectRoot = "";
			targets = (
				75E3B63F2CF0C41E005BE942 /* Nipuna_Quiz */,
			);
		};
/* End PBXProject section */

/* Begin PBXResourcesBuildPhase section */
		75E3B63E2CF0C41E005BE942 /* Resources */ = {
			isa = PBXResourcesBuildPhase;
			buildActionMask = 2147483647;
			files = (
				75E3B64B2CF0C41F005BE942 /* Preview Assets.xcassets in Resources */,
				75E3B6622CF0D13C005BE942 /* splash.jpeg in Resources */,
				75E3B6482CF0C41F005BE942 /* Assets.xcassets in Resources */,
			);
			runOnlyForDeploymentPostprocessing = 0;
		};
/* End PBXResourcesBuildPhase section */

/* Begin PBXSourcesBuildPhase section */
		75E3B63C2CF0C41E005BE942 /* Sources */ = {
			isa = PBXSourcesBuildPhase;
			buildActionMask = 2147483647;
			files = (
				75E3B6462CF0C41E005BE942 /* ContentView.swift in Sources */,
				75E3B6542CF0C531005BE942 /* QuizView.swift in Sources */,
				75E3B6562CF0C6B6005BE942 /* SplashView.swift in Sources */,
				75E3B6522CF0C456005BE942 /* QuizData.swift in Sources */,
				75E3B6442CF0C41E005BE942 /* Nipuna_QuizApp.swift in Sources */,
			);
			runOnlyForDeploymentPostprocessing = 0;
		};
/* End PBXSourcesBuildPhase section */

/* Begin XCBuildConfiguration section */
		75E3B64C2CF0C41F005BE942 /* Debug */ = {
			isa = XCBuildConfiguration;
			buildSettings = {
				ALWAYS_SEARCH_USER_PATHS = NO;
				ASSETCATALOG_COMPILER_GENERATE_SWIFT_ASSET_SYMBOL_EXTENSIONS = YES;
				CLANG_ANALYZER_NONNULL = YES;
				CLANG_ANALYZER_NUMBER_OBJECT_CONVERSION = YES_AGGRESSIVE;
				CLANG_CXX_LANGUAGE_STANDARD = "gnu++20";
				CLANG_ENABLE_MODULES = YES;
				CLANG_ENABLE_OBJC_ARC = YES;
				CLANG_ENABLE_OBJC_WEAK = YES;
				CLANG_WARN_BLOCK_CAPTURE_AUTORELEASING = YES;
				CLANG_WARN_BOOL_CONVERSION = YES;
				CLANG_WARN_COMMA = YES;
				CLANG_WARN_CONSTANT_CONVERSION = YES;
				CLANG_WARN_DEPRECATED_OBJC_IMPLEMENTATIONS = YES;
				CLANG_WARN_DIRECT_OBJC_ISA_USAGE = YES_ERROR;
				CLANG_WARN_DOCUMENTATION_COMMENTS = YES;
				CLANG_WARN_EMPTY_BODY = YES;
				CLANG_WARN_ENUM_CONVERSION = YES;
				CLANG_WARN_INFINITE_RECURSION = YES;
				CLANG_WARN_INT_CONVERSION = YES;
				CLANG_WARN_NON_LITERAL_NULL_CONVERSION = YES;
				CLANG_WARN_OBJC_IMPLICIT_RETAIN_SELF = YES;
				CLANG_WARN_OBJC_LITERAL_CONVERSION = YES;
				CLANG_WARN_OBJC_ROOT_CLASS = YES_ERROR;
				CLANG_WARN_QUOTED_INCLUDE_IN_FRAMEWORK_HEADER = YES;
				CLANG_WARN_RANGE_LOOP_ANALYSIS = YES;
				CLANG_WARN_STRICT_PROTOTYPES = YES;
				CLANG_WARN_SUSPICIOUS_MOVE = YES;
				CLANG_WARN_UNGUARDED_AVAILABILITY = YES_AGGRESSIVE;
				CLANG_WARN_UNREACHABLE_CODE = YES;
				CLANG_WARN__DUPLICATE_METHOD_MATCH = YES;
				COPY_PHASE_STRIP = NO;
				DEBUG_INFORMATION_FORMAT = dwarf;
				ENABLE_STRICT_OBJC_MSGSEND = YES;
				ENABLE_TESTABILITY = YES;
				ENABLE_USER_SCRIPT_SANDBOXING = YES;
				GCC_C_LANGUAGE_STANDARD = gnu17;
				GCC_DYNAMIC_NO_PIC = NO;
				GCC_NO_COMMON_BLOCKS = YES;
				GCC_OPTIMIZATION_LEVEL = 0;
				GCC_PREPROCESSOR_DEFINITIONS = (
					"DEBUG=1",
					"$(inherited)",
				);
				GCC_WARN_64_TO_32_BIT_CONVERSION = YES;
				GCC_WARN_ABOUT_RETURN_TYPE = YES_ERROR;
				GCC_WARN_UNDECLARED_SELECTOR = YES;
				GCC_WARN_UNINITIALIZED_AUTOS = YES_AGGRESSIVE;
				GCC_WARN_UNUSED_FUNCTION = YES;
				GCC_WARN_UNUSED_VARIABLE = YES;
				LOCALIZATION_PREFERS_STRING_CATALOGS = YES;
				MTL_ENABLE_DEBUG_INFO = INCLUDE_SOURCE;
				MTL_FAST_MATH = YES;
				ONLY_ACTIVE_ARCH = YES;
				SDKROOT = appletvos;
				SWIFT_ACTIVE_COMPILATION_CONDITIONS = "DEBUG $(inherited)";
				SWIFT_OPTIMIZATION_LEVEL = "-Onone";
				TVOS_DEPLOYMENT_TARGET = 17.2;
			};
			name = Debug;
		};
		75E3B64D2CF0C41F005BE942 /* Release */ = {
			isa = XCBuildConfiguration;
			buildSettings = {
				ALWAYS_SEARCH_USER_PATHS = NO;
				ASSETCATALOG_COMPILER_GENERATE_SWIFT_ASSET_SYMBOL_EXTENSIONS = YES;
				CLANG_ANALYZER_NONNULL = YES;
				CLANG_ANALYZER_NUMBER_OBJECT_CONVERSION = YES_AGGRESSIVE;
				CLANG_CXX_LANGUAGE_STANDARD = "gnu++20";
				CLANG_ENABLE_MODULES = YES;
				CLANG_ENABLE_OBJC_ARC = YES;
				CLANG_ENABLE_OBJC_WEAK = YES;
				CLANG_WARN_BLOCK_CAPTURE_AUTORELEASING = YES;
				CLANG_WARN_BOOL_CONVERSION = YES;
				CLANG_WARN_COMMA = YES;
				CLANG_WARN_CONSTANT_CONVERSION = YES;
				CLANG_WARN_DEPRECATED_OBJC_IMPLEMENTATIONS = YES;
				CLANG_WARN_DIRECT_OBJC_ISA_USAGE = YES_ERROR;
				CLANG_WARN_DOCUMENTATION_COMMENTS = YES;
				CLANG_WARN_EMPTY_BODY = YES;
				CLANG_WARN_ENUM_CONVERSION = YES;
				CLANG_WARN_INFINITE_RECURSION = YES;
				CLANG_WARN_INT_CONVERSION = YES;
				CLANG_WARN_NON_LITERAL_NULL_CONVERSION = YES;
				CLANG_WARN_OBJC_IMPLICIT_RETAIN_SELF = YES;
				CLANG_WARN_OBJC_LITERAL_CONVERSION = YES;
				CLANG_WARN_OBJC_ROOT_CLASS = YES_ERROR;
				CLANG_WARN_QUOTED_INCLUDE_IN_FRAMEWORK_HEADER = YES;
				CLANG_WARN_RANGE_LOOP_ANALYSIS = YES;
				CLANG_WARN_STRICT_PROTOTYPES = YES;
				CLANG_WARN_SUSPICIOUS_MOVE = YES;
				CLANG_WARN_UNGUARDED_AVAILABILITY = YES_AGGRESSIVE;
				CLANG_WARN_UNREACHABLE_CODE = YES;
				CLANG_WARN__DUPLICATE_METHOD_MATCH = YES;
				COPY_PHASE_STRIP = NO;
				DEBUG_INFORMATION_FORMAT = "dwarf-with-dsym";
				ENABLE_NS_ASSERTIONS = NO;
				ENABLE_STRICT_OBJC_MSGSEND = YES;
				ENABLE_USER_SCRIPT_SANDBOXING = YES;
				GCC_C_LANGUAGE_STANDARD = gnu17;
				GCC_NO_COMMON_BLOCKS = YES;
				GCC_WARN_64_TO_32_BIT_CONVERSION = YES;
				GCC_WARN_ABOUT_RETURN_TYPE = YES_ERROR;
				GCC_WARN_UNDECLARED_SELECTOR = YES;
				GCC_WARN_UNINITIALIZED_AUTOS = YES_AGGRESSIVE;
				GCC_WARN_UNUSED_FUNCTION = YES;
				GCC_WARN_UNUSED_VARIABLE = YES;
				LOCALIZATION_PREFERS_STRING_CATALOGS = YES;
				MTL_ENABLE_DEBUG_INFO = NO;
				MTL_FAST_MATH = YES;
				SDKROOT = appletvos;
				SWIFT_COMPILATION_MODE = wholemodule;
				TVOS_DEPLOYMENT_TARGET = 17.2;
				VALIDATE_PRODUCT = YES;
			};
			name = Release;
		};
		75E3B64F2CF0C41F005BE942 /* Debug */ = {
			isa = XCBuildConfiguration;
			buildSettings = {
				ASSETCATALOG_COMPILER_APPICON_NAME = "App Icon & Top Shelf Image";
				ASSETCATALOG_COMPILER_GLOBAL_ACCENT_COLOR_NAME = AccentColor;
				CODE_SIGN_STYLE = Automatic;
				CURRENT_PROJECT_VERSION = 1;
				DEVELOPMENT_ASSET_PATHS = "\"Nipuna_Quiz/Preview Content\"";
				ENABLE_PREVIEWS = YES;
				GENERATE_INFOPLIST_FILE = YES;
				INFOPLIST_KEY_UILaunchScreen_Generation = YES;
				INFOPLIST_KEY_UIUserInterfaceStyle = Automatic;
				LD_RUNPATH_SEARCH_PATHS = (
					"$(inherited)",
					"@executable_path/Frameworks",
				);
				MARKETING_VERSION = 1.0;
				PRODUCT_BUNDLE_IDENTIFIER = "com.example.apple-samplecode.Nipuna-Quiz";
				PRODUCT_NAME = "$(TARGET_NAME)";
				SWIFT_EMIT_LOC_STRINGS = YES;
				SWIFT_VERSION = 5.0;
				TARGETED_DEVICE_FAMILY = 3;
			};
			name = Debug;
		};
		75E3B6502CF0C41F005BE942 /* Release */ = {
			isa = XCBuildConfiguration;
			buildSettings = {
				ASSETCATALOG_COMPILER_APPICON_NAME = "App Icon & Top Shelf Image";
				ASSETCATALOG_COMPILER_GLOBAL_ACCENT_COLOR_NAME = AccentColor;
				CODE_SIGN_STYLE = Automatic;
				CURRENT_PROJECT_VERSION = 1;
				DEVELOPMENT_ASSET_PATHS = "\"Nipuna_Quiz/Preview Content\"";
				ENABLE_PREVIEWS = YES;
				GENERATE_INFOPLIST_FILE = YES;
				INFOPLIST_KEY_UILaunchScreen_Generation = YES;
				INFOPLIST_KEY_UIUserInterfaceStyle = Automatic;
				LD_RUNPATH_SEARCH_PATHS = (
					"$(inherited)",
					"@executable_path/Frameworks",
				);
				MARKETING_VERSION = 1.0;
				PRODUCT_BUNDLE_IDENTIFIER = "com.example.apple-samplecode.Nipuna-Quiz";
				PRODUCT_NAME = "$(TARGET_NAME)";
				SWIFT_EMIT_LOC_STRINGS = YES;
				SWIFT_VERSION = 5.0;
				TARGETED_DEVICE_FAMILY = 3;
			};
			name = Release;
		};
/* End XCBuildConfiguration section */

/* Begin XCConfigurationList section */
		75E3B63B2CF0C41E005BE942 /* Build configuration list for PBXProject "Nipuna_Quiz" */ = {
			isa = XCConfigurationList;
			buildConfigurations = (
				75E3B64C2CF0C41F005BE942 /* Debug */,
				75E3B64D2CF0C41F005BE942 /* Release */,
			);
			defaultConfigurationIsVisible = 0;
			defaultConfigurationName = Release;
		};
		75E3B64E2CF0C41F005BE942 /* Build configuration list for PBXNativeTarget "Nipuna_Quiz" */ = {
			isa = XCConfigurationList;
			buildConfigurations = (
				75E3B64F2CF0C41F005BE942 /* Debug */,
				75E3B6502CF0C41F005BE942 /* Release */,
			);
			defaultConfigurationIsVisible = 0;
			defaultConfigurationName = Release;
		};
/* End XCConfigurationList section */
	};
	rootObject = 75E3B6382CF0C41E005BE942 /* Project object */;
}
